
Microsoft Visual Studio Solution File, Format Version 12.00
# Visual Studio Version 17
VisualStudioVersion = 17.1.32210.238
MinimumVisualStudioVersion = 10.0.40219.1
Project("{FAE04EC0-301F-11D3-BF4B-00C04F79EFBC}") = "Uppgift2-3", "Uppgift2-3\Uppgift2-3.csproj", "{6081A7DD-3CD2-4042-BF2A-D33FA9FD5BF4}"
EndProject
Global
	GlobalSection(SolutionConfigurationPlatforms) = preSolution
		Debug|Any CPU = Debug|Any CPU
		Release|Any CPU = Release|Any CPU
	EndGlobalSection
	GlobalSection(ProjectConfigurationPlatforms) = postSolution
		{6081A7DD-3CD2-4042-BF2A-D33FA9FD5BF4}.Debug|Any CPU.ActiveCfg = Debug|Any CPU
		{6081A7DD-3CD2-4042-BF2A-D33FA9FD5BF4}.Debug|Any CPU.Build.0 = Debug|Any CPU
		{6081A7DD-3CD2-4042-BF2A-D33FA9FD5BF4}.Release|Any CPU.ActiveCfg = Release|Any CPU
		{6081A7DD-3CD2-4042-BF2A-D33FA9FD5BF4}.Release|Any CPU.Build.0 = Release|Any CPU
	EndGlobalSection
	GlobalSection(SolutionProperties) = preSolution
		HideSolutionNode = FALSE
	EndGlobalSection
	GlobalSection(ExtensibilityGlobals) = postSolution
		SolutionGuid = {51FF659F-19EC-40BB-8527-B47BEB0FA9CA}
	EndGlobalSection
EndGlobal
